
Microsoft Visual Studio Solution File, Format Version 12.00
# Visual Studio Version 16
VisualStudioVersion = 16.0.31424.327
MinimumVisualStudioVersion = 10.0.40219.1
Project("{FAE04EC0-301F-11D3-BF4B-00C04F79EFBC}") = "RandomFoodWebApp", "RandomFoodWebApp\RandomFoodWebApp.csproj", "{96597511-E92E-4882-AE8F-75A72A0E524D}"
EndProject
Global
	GlobalSection(SolutionConfigurationPlatforms) = preSolution
		Debug|Any CPU = Debug|Any CPU
		Release|Any CPU = Release|Any CPU
	EndGlobalSection
	GlobalSection(ProjectConfigurationPlatforms) = postSolution
		{96597511-E92E-4882-AE8F-75A72A0E524D}.Debug|Any CPU.ActiveCfg = Debug|Any CPU
		{96597511-E92E-4882-AE8F-75A72A0E524D}.Debug|Any CPU.Build.0 = Debug|Any CPU
		{96597511-E92E-4882-AE8F-75A72A0E524D}.Release|Any CPU.ActiveCfg = Release|Any CPU
		{96597511-E92E-4882-AE8F-75A72A0E524D}.Release|Any CPU.Build.0 = Release|Any CPU
	EndGlobalSection
	GlobalSection(SolutionProperties) = preSolution
		HideSolutionNode = FALSE
	EndGlobalSection
	GlobalSection(ExtensibilityGlobals) = postSolution
		SolutionGuid = {6BAFDBD8-F429-40E7-8F51-40D82B6EEFF2}
	EndGlobalSection
EndGlobal
